
Microsoft Visual Studio Solution File, Format Version 12.00
# Visual Studio 2013
VisualStudioVersion = 12.0.30110.0
MinimumVisualStudioVersion = 10.0.40219.1
Project("{FAE04EC0-301F-11D3-BF4B-00C04F79EFBC}") = "ScratchDB", "ScratchDB\ScratchDB.csproj", "{D23EBE1C-CD3C-4046-91FE-211C9CFDAD34}"
EndProject
Project("{FAE04EC0-301F-11D3-BF4B-00C04F79EFBC}") = "ScratchDB.LinqPad", "ScratchDB.LinqPad\ScratchDB.LinqPad.csproj", "{57E946FC-E7A4-4CD9-B55C-2FF6868C61C6}"
EndProject
Project("{FAE04EC0-301F-11D3-BF4B-00C04F79EFBC}") = "ScratchDB.Tests", "ScratchDB.Tests\ScratchDB.Tests.csproj", "{11032994-6597-4941-9FB4-9F19CDA06EE1}"
EndProject
Global
	GlobalSection(SolutionConfigurationPlatforms) = preSolution
		Debug|Any CPU = Debug|Any CPU
		Release|Any CPU = Release|Any CPU
	EndGlobalSection
	GlobalSection(ProjectConfigurationPlatforms) = postSolution
		{D23EBE1C-CD3C-4046-91FE-211C9CFDAD34}.Debug|Any CPU.ActiveCfg = Debug|Any CPU
		{D23EBE1C-CD3C-4046-91FE-211C9CFDAD34}.Debug|Any CPU.Build.0 = Debug|Any CPU
		{D23EBE1C-CD3C-4046-91FE-211C9CFDAD34}.Release|Any CPU.ActiveCfg = Release|Any CPU
		{D23EBE1C-CD3C-4046-91FE-211C9CFDAD34}.Release|Any CPU.Build.0 = Release|Any CPU
		{57E946FC-E7A4-4CD9-B55C-2FF6868C61C6}.Debug|Any CPU.ActiveCfg = Debug|Any CPU
		{57E946FC-E7A4-4CD9-B55C-2FF6868C61C6}.Debug|Any CPU.Build.0 = Debug|Any CPU
		{57E946FC-E7A4-4CD9-B55C-2FF6868C61C6}.Release|Any CPU.ActiveCfg = Release|Any CPU
		{57E946FC-E7A4-4CD9-B55C-2FF6868C61C6}.Release|Any CPU.Build.0 = Release|Any CPU
		{11032994-6597-4941-9FB4-9F19CDA06EE1}.Debug|Any CPU.ActiveCfg = Debug|Any CPU
		{11032994-6597-4941-9FB4-9F19CDA06EE1}.Debug|Any CPU.Build.0 = Debug|Any CPU
		{11032994-6597-4941-9FB4-9F19CDA06EE1}.Release|Any CPU.ActiveCfg = Release|Any CPU
		{11032994-6597-4941-9FB4-9F19CDA06EE1}.Release|Any CPU.Build.0 = Release|Any CPU
	EndGlobalSection
	GlobalSection(SolutionProperties) = preSolution
		HideSolutionNode = FALSE
	EndGlobalSection
EndGlobal
